
Microsoft Visual Studio Solution File, Format Version 12.00
# Visual Studio Version 16
VisualStudioVersion = 16.0.30225.117
MinimumVisualStudioVersion = 10.0.40219.1
Project("{FAE04EC0-301F-11D3-BF4B-00C04F79EFBC}") = "lyrics", "lyrics\lyrics.csproj", "{59681A70-9033-4CB8-A0BF-FC00BB09D00B}"
EndProject
Global
	GlobalSection(SolutionConfigurationPlatforms) = preSolution
		Debug|Any CPU = Debug|Any CPU
		Release|Any CPU = Release|Any CPU
	EndGlobalSection
	GlobalSection(ProjectConfigurationPlatforms) = postSolution
		{59681A70-9033-4CB8-A0BF-FC00BB09D00B}.Debug|Any CPU.ActiveCfg = Debug|Any CPU
		{59681A70-9033-4CB8-A0BF-FC00BB09D00B}.Debug|Any CPU.Build.0 = Debug|Any CPU
		{59681A70-9033-4CB8-A0BF-FC00BB09D00B}.Release|Any CPU.ActiveCfg = Release|Any CPU
		{59681A70-9033-4CB8-A0BF-FC00BB09D00B}.Release|Any CPU.Build.0 = Release|Any CPU
	EndGlobalSection
	GlobalSection(SolutionProperties) = preSolution
		HideSolutionNode = FALSE
	EndGlobalSection
	GlobalSection(ExtensibilityGlobals) = postSolution
		SolutionGuid = {BC34D76C-84FB-4AAA-B4F3-3F626BFA8169}
	EndGlobalSection
EndGlobal
